<Project xmlns="http://schemas.microsoft.com/developer/msbuild/2003">
    <PropertyGroup>
        <ProjectGuid>{b2e29e2b-a63c-492c-b206-005d8f3415e8}</ProjectGuid>
        <MainSource>MeetingOrganizer.dpr</MainSource>
        <Configuration Condition=" '$(Configuration)' == '' ">Debug</Configuration>
        <DCC_DCCCompiler>DCC32</DCC_DCCCompiler>
        <DCC_DependencyCheckOutputName>..\MeetingOrganizer.exe</DCC_DependencyCheckOutputName>
        <Base>True</Base>
        <Config Condition="'$(Config)'==''">Debug</Config>
        <TargetedPlatforms>1</TargetedPlatforms>
        <AppType>Application</AppType>
        <FrameworkType>VCL</FrameworkType>
        <ProjectVersion>18.1</ProjectVersion>
        <Platform Condition="'$(Platform)'==''">Win32</Platform>
    </PropertyGroup>
    <PropertyGroup Condition="'$(Config)'=='Base' or '$(Base)'!=''">
        <Base>true</Base>
    </PropertyGroup>
    <PropertyGroup Condition="('$(Platform)'=='Win32' and '$(Base)'=='true') or '$(Base_Win32)'!=''">
        <Base_Win32>true</Base_Win32>
        <CfgParent>Base</CfgParent>
        <Base>true</Base>
    </PropertyGroup>
    <PropertyGroup Condition="('$(Platform)'=='Win64' and '$(Base)'=='true') or '$(Base_Win64)'!=''">
        <Base_Win64>true</Base_Win64>
        <CfgParent>Base</CfgParent>
        <Base>true</Base>
    </PropertyGroup>
    <PropertyGroup Condition="'$(Config)'=='Release' or '$(Cfg_1)'!=''">
        <Cfg_1>true</Cfg_1>
        <CfgParent>Base</CfgParent>
        <Base>true</Base>
    </PropertyGroup>
    <PropertyGroup Condition="('$(Platform)'=='Win32' and '$(Cfg_1)'=='true') or '$(Cfg_1_Win32)'!=''">
        <Cfg_1_Win32>true</Cfg_1_Win32>
        <CfgParent>Cfg_1</CfgParent>
        <Cfg_1>true</Cfg_1>
        <Base>true</Base>
    </PropertyGroup>
    <PropertyGroup Condition="'$(Config)'=='Debug' or '$(Cfg_2)'!=''">
        <Cfg_2>true</Cfg_2>
        <CfgParent>Base</CfgParent>
        <Base>true</Base>
    </PropertyGroup>
    <PropertyGroup Condition="('$(Platform)'=='Win32' and '$(Cfg_2)'=='true') or '$(Cfg_2_Win32)'!=''">
        <Cfg_2_Win32>true</Cfg_2_Win32>
        <CfgParent>Cfg_2</CfgParent>
        <Cfg_2>true</Cfg_2>
        <Base>true</Base>
    </PropertyGroup>
    <PropertyGroup Condition="'$(Base)'!=''">
        <VerInfo_Locale>1046</VerInfo_Locale>
        <SanitizedProjectName>MeetingOrganizer</SanitizedProjectName>
        <VerInfo_Keys>CompanyName=;FileDescription=;FileVersion=1.0.0.0;InternalName=;LegalCopyright=;LegalTrademarks=;OriginalFilename=;ProductName=;ProductVersion=1.0.0.0;Comments=</VerInfo_Keys>
        <DCC_Namespace>Vcl;Vcl.Imaging;Vcl.Touch;Vcl.Samples;Vcl.Shell;System;Xml;Data;Datasnap;Web;Soap;Winapi;$(DCC_Namespace)</DCC_Namespace>
    </PropertyGroup>
    <PropertyGroup Condition="'$(Base_Win32)'!=''">
        <AppEnableRuntimeThemes>true</AppEnableRuntimeThemes>
        <Manifest_File>$(BDS)\bin\default_app.manifest</Manifest_File>
        <VerInfo_Locale>1033</VerInfo_Locale>
        <Icon_MainIcon>MeetingOrganizer_Icon.ico</Icon_MainIcon>
        <VerInfo_IncludeVerInfo>true</VerInfo_IncludeVerInfo>
        <DCC_Namespace>System.Win;Data.Win;Datasnap.Win;Web.Win;Soap.Win;Xml.Win;Bde;$(DCC_Namespace)</DCC_Namespace>
    </PropertyGroup>
    <PropertyGroup Condition="'$(Base_Win64)'!=''">
        <AppEnableRuntimeThemes>true</AppEnableRuntimeThemes>
        <Manifest_File>$(BDS)\bin\default_app.manifest</Manifest_File>
        <Icon_MainIcon>MeetingOrganizer_Icon.ico</Icon_MainIcon>
    </PropertyGroup>
    <PropertyGroup Condition="'$(Cfg_1)'!=''">
        <Version>7.0</Version>
        <DCC_DebugInformation>0</DCC_DebugInformation>
        <DCC_LocalDebugSymbols>False</DCC_LocalDebugSymbols>
        <DCC_Optimize>False</DCC_Optimize>
        <DCC_SymbolReferenceInfo>0</DCC_SymbolReferenceInfo>
        <DCC_ExeOutput>..\</DCC_ExeOutput>
        <DCC_DcuOutput>..\temp</DCC_DcuOutput>
        <DCC_ObjOutput>..\temp</DCC_ObjOutput>
        <DCC_HppOutput>..\temp</DCC_HppOutput>
        <DCC_Define>RELEASE;$(DCC_Define)</DCC_Define>
    </PropertyGroup>
    <PropertyGroup Condition="'$(Cfg_1_Win32)'!=''">
        <AppEnableRuntimeThemes>true</AppEnableRuntimeThemes>
        <VerInfo_Locale>1033</VerInfo_Locale>
        <DCC_UNIT_DEPRECATED>false</DCC_UNIT_DEPRECATED>
        <VerInfo_IncludeVerInfo>true</VerInfo_IncludeVerInfo>
        <DCC_SYMBOL_DEPRECATED>false</DCC_SYMBOL_DEPRECATED>
    </PropertyGroup>
    <PropertyGroup Condition="'$(Cfg_2)'!=''">
        <Version>7.0</Version>
        <DCC_Optimize>False</DCC_Optimize>
        <DCC_ExeOutput>..\</DCC_ExeOutput>
        <DCC_DcuOutput>..\temp</DCC_DcuOutput>
        <DCC_ObjOutput>..\temp</DCC_ObjOutput>
        <DCC_HppOutput>..\temp</DCC_HppOutput>
        <DCC_Define>DEBUG;$(DCC_Define)</DCC_Define>
    </PropertyGroup>
    <PropertyGroup Condition="'$(Cfg_2_Win32)'!=''">
        <VerInfo_Locale>1033</VerInfo_Locale>
        <AppEnableRuntimeThemes>true</AppEnableRuntimeThemes>
        <VerInfo_IncludeVerInfo>true</VerInfo_IncludeVerInfo>
    </PropertyGroup>
    <ProjectExtensions>
        <Borland.Personality>Delphi.Personality.12</Borland.Personality>
        <Borland.ProjectType/>
        <BorlandProject>
            <Delphi.Personality>
                <Parameters>
                    <Parameters Name="UseLauncher">False</Parameters>
                    <Parameters Name="LoadAllSymbols">True</Parameters>
                    <Parameters Name="LoadUnspecifiedSymbols">False</Parameters>
                </Parameters>
                <VersionInfo>
                    <VersionInfo Name="IncludeVerInfo">False</VersionInfo>
                    <VersionInfo Name="AutoIncBuild">False</VersionInfo>
                    <VersionInfo Name="MajorVer">1</VersionInfo>
                    <VersionInfo Name="MinorVer">0</VersionInfo>
                    <VersionInfo Name="Release">0</VersionInfo>
                    <VersionInfo Name="Build">0</VersionInfo>
                    <VersionInfo Name="Debug">False</VersionInfo>
                    <VersionInfo Name="PreRelease">False</VersionInfo>
                    <VersionInfo Name="Special">False</VersionInfo>
                    <VersionInfo Name="Private">False</VersionInfo>
                    <VersionInfo Name="DLL">False</VersionInfo>
                    <VersionInfo Name="Locale">1046</VersionInfo>
                    <VersionInfo Name="CodePage">1252</VersionInfo>
                </VersionInfo>
                <VersionInfoKeys>
                    <VersionInfoKeys Name="CompanyName"/>
                    <VersionInfoKeys Name="FileDescription"/>
                    <VersionInfoKeys Name="FileVersion">1.0.0.0</VersionInfoKeys>
                    <VersionInfoKeys Name="InternalName"/>
                    <VersionInfoKeys Name="LegalCopyright"/>
                    <VersionInfoKeys Name="LegalTrademarks"/>
                    <VersionInfoKeys Name="OriginalFilename"/>
                    <VersionInfoKeys Name="ProductName"/>
                    <VersionInfoKeys Name="ProductVersion">1.0.0.0</VersionInfoKeys>
                    <VersionInfoKeys Name="Comments"/>
                </VersionInfoKeys>
                <Source>
                    <Source Name="MainSource">MeetingOrganizer.dpr</Source>
                </Source>
                <Excluded_Packages>
                    <Excluded_Packages Name="$(BDSBIN)\bcboffice2k240.bpl">Embarcadero C++Builder Office 2000 Servers Package</Excluded_Packages>
                    <Excluded_Packages Name="$(BDSBIN)\bcbofficexp240.bpl">Embarcadero C++Builder Office XP Servers Package</Excluded_Packages>
                    <Excluded_Packages Name="$(BDSBIN)\dcloffice2k240.bpl">Microsoft Office 2000 Sample Automation Server Wrapper Components</Excluded_Packages>
                    <Excluded_Packages Name="$(BDSBIN)\dclofficexp240.bpl">Microsoft Office XP Sample Automation Server Wrapper Components</Excluded_Packages>
                </Excluded_Packages>
            </Delphi.Personality>
            <ModelSupport>True</ModelSupport>
            <Platforms>
                <Platform value="Win32">True</Platform>
                <Platform value="Win64">False</Platform>
            </Platforms>
        </BorlandProject>
        <ProjectFileVersion>12</ProjectFileVersion>
    </ProjectExtensions>
    <Import Project="$(BDS)\Bin\CodeGear.Delphi.Targets"/>
    <ItemGroup>
        <DelphiCompile Include="$(MainSource)">
            <MainSource>MainSource</MainSource>
        </DelphiCompile>
        <DCCReference Include="uMainForm.pas">
            <Form>MainForm</Form>
        </DCCReference>
        <DCCReference Include="uAbstractForm.pas">
            <Form>AbstractForm</Form>
        </DCCReference>
        <DCCReference Include="uAbstractDataForm.pas">
            <Form>AbstractDataForm</Form>
        </DCCReference>
        <DCCReference Include="uAbstractDataTabForm.pas">
            <Form>AbstractDataTabForm</Form>
        </DCCReference>
        <DCCReference Include="uMainDM.pas">
            <Form>MainDM</Form>
            <DesignClass>TDataModule</DesignClass>
        </DCCReference>
        <DCCReference Include="uAbstractDataModule.pas">
            <Form>AbstractDataModule</Form>
            <DesignClass>TDataModule</DesignClass>
        </DCCReference>
        <DCCReference Include="uRecError.pas">
            <Form>ReconcileErrorForm</Form>
        </DCCReference>
        <DCCReference Include="uUserDM.pas">
            <Form>UserDM</Form>
            <DesignClass>TDataModule</DesignClass>
        </DCCReference>
        <DCCReference Include="uAbstractControl.pas"/>
        <DCCReference Include="uUserForm.pas">
            <Form>UserForm</Form>
        </DCCReference>
        <DCCReference Include="uUserControl.pas"/>
        <DCCReference Include="uRoomDM.pas">
            <Form>RoomDM</Form>
            <DesignClass>TDataModule</DesignClass>
        </DCCReference>
        <DCCReference Include="uRoomForm.pas">
            <Form>RoomForm</Form>
        </DCCReference>
        <DCCReference Include="uRoomControl.pas"/>
        <DCCReference Include="uMeetingDM.pas">
            <Form>MeetingDM</Form>
            <DesignClass>TDataModule</DesignClass>
        </DCCReference>
        <DCCReference Include="uMeetingControl.pas"/>
        <DCCReference Include="uUserLoginForm.pas">
            <Form>UserLoginForm</Form>
        </DCCReference>
        <DCCReference Include="uMeetingTimeRoomForm.pas">
            <Form>MeetingTimeRoomForm</Form>
        </DCCReference>
        <DCCReference Include="uMsgControl.pas"/>
        <DCCReference Include="uMeetingForm.pas">
            <Form>MeetingForm</Form>
        </DCCReference>
        <None Include="MeetingOrganizer.todo"/>
        <None Include="ModelSupport_MeetingOrganizer\default.txaPackage"/>
        <None Include="ModelSupport_MeetingOrganizer\default.txvpck"/>
        <None Include="ModelSupport_MeetingOrganizer\MeetingOrganizer\default.txaPackage"/>
        <None Include="ModelSupport_MeetingOrganizer\MeetingOrganizer\default.txvpck"/>
        <None Include="ModelSupport_MeetingOrganizer\uAbstractControl\default.txaPackage"/>
        <None Include="ModelSupport_MeetingOrganizer\uAbstractControl\default.txvpck"/>
        <None Include="ModelSupport_MeetingOrganizer\uAbstractDataForm\default.txaPackage"/>
        <None Include="ModelSupport_MeetingOrganizer\uAbstractDataForm\default.txvpck"/>
        <None Include="ModelSupport_MeetingOrganizer\uAbstractDataModule\default.txaPackage"/>
        <None Include="ModelSupport_MeetingOrganizer\uAbstractDataModule\default.txvpck"/>
        <None Include="ModelSupport_MeetingOrganizer\uAbstractDataTabForm\default.txaPackage"/>
        <None Include="ModelSupport_MeetingOrganizer\uAbstractDataTabForm\default.txvpck"/>
        <None Include="ModelSupport_MeetingOrganizer\uAbstractForm\default.txaPackage"/>
        <None Include="ModelSupport_MeetingOrganizer\uAbstractForm\default.txvpck"/>
        <None Include="ModelSupport_MeetingOrganizer\uMainDM\default.txaPackage"/>
        <None Include="ModelSupport_MeetingOrganizer\uMainDM\default.txvpck"/>
        <None Include="ModelSupport_MeetingOrganizer\uMainForm\default.txaPackage"/>
        <None Include="ModelSupport_MeetingOrganizer\uMainForm\default.txvpck"/>
        <None Include="ModelSupport_MeetingOrganizer\uMeetingAddForm\default.txaPackage"/>
        <None Include="ModelSupport_MeetingOrganizer\uMeetingAddForm\default.txvpck"/>
        <None Include="ModelSupport_MeetingOrganizer\uMeetingControl\default.txaPackage"/>
        <None Include="ModelSupport_MeetingOrganizer\uMeetingControl\default.txvpck"/>
        <None Include="ModelSupport_MeetingOrganizer\uMeetingDM\default.txaPackage"/>
        <None Include="ModelSupport_MeetingOrganizer\uMeetingDM\default.txvpck"/>
        <None Include="ModelSupport_MeetingOrganizer\uMeetingForm\default.txaPackage"/>
        <None Include="ModelSupport_MeetingOrganizer\uMeetingForm\default.txvpck"/>
        <None Include="ModelSupport_MeetingOrganizer\uMeetingParticipantForm\default.txaPackage"/>
        <None Include="ModelSupport_MeetingOrganizer\uMeetingParticipantForm\default.txvpck"/>
        <None Include="ModelSupport_MeetingOrganizer\uMeetingTimeRoomForm\default.txaPackage"/>
        <None Include="ModelSupport_MeetingOrganizer\uMeetingTimeRoomForm\default.txvpck"/>
        <None Include="ModelSupport_MeetingOrganizer\uMsgControl\default.txaPackage"/>
        <None Include="ModelSupport_MeetingOrganizer\uMsgControl\default.txvpck"/>
        <None Include="ModelSupport_MeetingOrganizer\uRecError\default.txaPackage"/>
        <None Include="ModelSupport_MeetingOrganizer\uRecError\default.txvpck"/>
        <None Include="ModelSupport_MeetingOrganizer\uRoomControl\default.txaPackage"/>
        <None Include="ModelSupport_MeetingOrganizer\uRoomControl\default.txvpck"/>
        <None Include="ModelSupport_MeetingOrganizer\uRoomDM\default.txaPackage"/>
        <None Include="ModelSupport_MeetingOrganizer\uRoomDM\default.txvpck"/>
        <None Include="ModelSupport_MeetingOrganizer\uRoomForm\default.txaPackage"/>
        <None Include="ModelSupport_MeetingOrganizer\uRoomForm\default.txvpck"/>
        <None Include="ModelSupport_MeetingOrganizer\uUserControl\default.txaPackage"/>
        <None Include="ModelSupport_MeetingOrganizer\uUserControl\default.txvpck"/>
        <None Include="ModelSupport_MeetingOrganizer\uUserDM\default.txaPackage"/>
        <None Include="ModelSupport_MeetingOrganizer\uUserDM\default.txvpck"/>
        <None Include="ModelSupport_MeetingOrganizer\uUserForm\default.txaPackage"/>
        <None Include="ModelSupport_MeetingOrganizer\uUserForm\default.txvpck"/>
        <None Include="ModelSupport_MeetingOrganizer\uUserLoginForm\default.txaPackage"/>
        <None Include="ModelSupport_MeetingOrganizer\uUserLoginForm\default.txvpck"/>
        <BuildConfiguration Include="Debug">
            <Key>Cfg_2</Key>
            <CfgParent>Base</CfgParent>
        </BuildConfiguration>
        <BuildConfiguration Include="Base">
            <Key>Base</Key>
        </BuildConfiguration>
        <BuildConfiguration Include="Release">
            <Key>Cfg_1</Key>
            <CfgParent>Base</CfgParent>
        </BuildConfiguration>
    </ItemGroup>
    <Import Project="$(BDS)\Bin\CodeGear.Delphi.Targets" Condition="Exists('$(BDS)\Bin\CodeGear.Delphi.Targets')"/>
    <Import Project="$(APPDATA)\Embarcadero\$(BDSAPPDATABASEDIR)\$(PRODUCTVERSION)\UserTools.proj" Condition="Exists('$(APPDATA)\Embarcadero\$(BDSAPPDATABASEDIR)\$(PRODUCTVERSION)\UserTools.proj')"/>
</Project>
